
Microsoft Visual Studio Solution File, Format Version 12.00
# Visual Studio Version 17
VisualStudioVersion = 17.8.34322.80
MinimumVisualStudioVersion = 10.0.40219.1
Project("{FAE04EC0-301F-11D3-BF4B-00C04F79EFBC}") = "BilForhandlerMedTommy", "BilForhandlerMedTommy.csproj", "{8111840B-60E7-49EF-AFB5-5CC269F171C4}"
EndProject
Global
	GlobalSection(SolutionConfigurationPlatforms) = preSolution
		Debug|Any CPU = Debug|Any CPU
		Release|Any CPU = Release|Any CPU
	EndGlobalSection
	GlobalSection(ProjectConfigurationPlatforms) = postSolution
		{8111840B-60E7-49EF-AFB5-5CC269F171C4}.Debug|Any CPU.ActiveCfg = Debug|Any CPU
		{8111840B-60E7-49EF-AFB5-5CC269F171C4}.Debug|Any CPU.Build.0 = Debug|Any CPU
		{8111840B-60E7-49EF-AFB5-5CC269F171C4}.Release|Any CPU.ActiveCfg = Release|Any CPU
		{8111840B-60E7-49EF-AFB5-5CC269F171C4}.Release|Any CPU.Build.0 = Release|Any CPU
	EndGlobalSection
	GlobalSection(SolutionProperties) = preSolution
		HideSolutionNode = FALSE
	EndGlobalSection
	GlobalSection(ExtensibilityGlobals) = postSolution
		SolutionGuid = {80420069-3093-4E0C-B3B2-CD11A4656E9C}
	EndGlobalSection
EndGlobal
